
Microsoft Visual Studio Solution File, Format Version 12.00
# Visual Studio Version 17
VisualStudioVersion = 17.13.35806.99 d17.13
MinimumVisualStudioVersion = 10.0.40219.1
Project("{FAE04EC0-301F-11D3-BF4B-00C04F79EFBC}") = "Employee.Backend", "Employee.Backend\Employee.Backend.csproj", "{6C47DA47-430C-4E94-B271-2FDD75FE0445}"
EndProject
Project("{FAE04EC0-301F-11D3-BF4B-00C04F79EFBC}") = "Employee.Share", "Employee.Share\Employee.Share.csproj", "{0EE530FA-FB80-41CF-8799-8B9DCD9EF45F}"
EndProject
Global
	GlobalSection(SolutionConfigurationPlatforms) = preSolution
		Debug|Any CPU = Debug|Any CPU
		Release|Any CPU = Release|Any CPU
	EndGlobalSection
	GlobalSection(ProjectConfigurationPlatforms) = postSolution
		{6C47DA47-430C-4E94-B271-2FDD75FE0445}.Debug|Any CPU.ActiveCfg = Debug|Any CPU
		{6C47DA47-430C-4E94-B271-2FDD75FE0445}.Debug|Any CPU.Build.0 = Debug|Any CPU
		{6C47DA47-430C-4E94-B271-2FDD75FE0445}.Release|Any CPU.ActiveCfg = Release|Any CPU
		{6C47DA47-430C-4E94-B271-2FDD75FE0445}.Release|Any CPU.Build.0 = Release|Any CPU
		{0EE530FA-FB80-41CF-8799-8B9DCD9EF45F}.Debug|Any CPU.ActiveCfg = Debug|Any CPU
		{0EE530FA-FB80-41CF-8799-8B9DCD9EF45F}.Debug|Any CPU.Build.0 = Debug|Any CPU
		{0EE530FA-FB80-41CF-8799-8B9DCD9EF45F}.Release|Any CPU.ActiveCfg = Release|Any CPU
		{0EE530FA-FB80-41CF-8799-8B9DCD9EF45F}.Release|Any CPU.Build.0 = Release|Any CPU
	EndGlobalSection
	GlobalSection(SolutionProperties) = preSolution
		HideSolutionNode = FALSE
	EndGlobalSection
	GlobalSection(ExtensibilityGlobals) = postSolution
		SolutionGuid = {7ECC886E-4325-4C01-AB29-C6CA5171B80B}
	EndGlobalSection
EndGlobal
